
Microsoft Visual Studio Solution File, Format Version 11.00
# Visual Studio 2010
Project("{FAE04EC0-301F-11D3-BF4B-00C04F79EFBC}") = "Movie rental", "Movie rental\Movie rental.csproj", "{9CD05059-8BF4-4380-90DE-8EBB86C8BD31}"
EndProject
Global
	GlobalSection(SolutionConfigurationPlatforms) = preSolution
		Debug|x86 = Debug|x86
		Release|x86 = Release|x86
	EndGlobalSection
	GlobalSection(ProjectConfigurationPlatforms) = postSolution
		{9CD05059-8BF4-4380-90DE-8EBB86C8BD31}.Debug|x86.ActiveCfg = Debug|x86
		{9CD05059-8BF4-4380-90DE-8EBB86C8BD31}.Debug|x86.Build.0 = Debug|x86
		{9CD05059-8BF4-4380-90DE-8EBB86C8BD31}.Release|x86.ActiveCfg = Release|x86
		{9CD05059-8BF4-4380-90DE-8EBB86C8BD31}.Release|x86.Build.0 = Release|x86
	EndGlobalSection
	GlobalSection(SolutionProperties) = preSolution
		HideSolutionNode = FALSE
	EndGlobalSection
EndGlobal
